
Microsoft Visual Studio Solution File, Format Version 12.00
# Visual Studio Version 17
VisualStudioVersion = 17.4.33110.190
MinimumVisualStudioVersion = 10.0.40219.1
Project("{9A19103F-16F7-4668-BE54-9A1E7A4F7556}") = "FrontEnd", "ContaBancaria\FrontEnd.csproj", "{80CEF238-4760-4BD9-89CD-65B309E71547}"
EndProject
Project("{9A19103F-16F7-4668-BE54-9A1E7A4F7556}") = "Core", "Core\Core.csproj", "{ADA5FE15-202D-4181-B6F8-1EE5EB21CD5B}"
EndProject
Project("{FAE04EC0-301F-11D3-BF4B-00C04F79EFBC}") = "API", "API\API.csproj", "{C554F677-22C2-428D-96B4-FDFA1452E2D8}"
EndProject
Global
	GlobalSection(SolutionConfigurationPlatforms) = preSolution
		Debug|Any CPU = Debug|Any CPU
		Release|Any CPU = Release|Any CPU
	EndGlobalSection
	GlobalSection(ProjectConfigurationPlatforms) = postSolution
		{80CEF238-4760-4BD9-89CD-65B309E71547}.Debug|Any CPU.ActiveCfg = Debug|Any CPU
		{80CEF238-4760-4BD9-89CD-65B309E71547}.Debug|Any CPU.Build.0 = Debug|Any CPU
		{80CEF238-4760-4BD9-89CD-65B309E71547}.Release|Any CPU.ActiveCfg = Release|Any CPU
		{80CEF238-4760-4BD9-89CD-65B309E71547}.Release|Any CPU.Build.0 = Release|Any CPU
		{ADA5FE15-202D-4181-B6F8-1EE5EB21CD5B}.Debug|Any CPU.ActiveCfg = Debug|Any CPU
		{ADA5FE15-202D-4181-B6F8-1EE5EB21CD5B}.Debug|Any CPU.Build.0 = Debug|Any CPU
		{ADA5FE15-202D-4181-B6F8-1EE5EB21CD5B}.Release|Any CPU.ActiveCfg = Release|Any CPU
		{ADA5FE15-202D-4181-B6F8-1EE5EB21CD5B}.Release|Any CPU.Build.0 = Release|Any CPU
		{C554F677-22C2-428D-96B4-FDFA1452E2D8}.Debug|Any CPU.ActiveCfg = Debug|Any CPU
		{C554F677-22C2-428D-96B4-FDFA1452E2D8}.Debug|Any CPU.Build.0 = Debug|Any CPU
		{C554F677-22C2-428D-96B4-FDFA1452E2D8}.Release|Any CPU.ActiveCfg = Release|Any CPU
		{C554F677-22C2-428D-96B4-FDFA1452E2D8}.Release|Any CPU.Build.0 = Release|Any CPU
	EndGlobalSection
	GlobalSection(SolutionProperties) = preSolution
		HideSolutionNode = FALSE
	EndGlobalSection
	GlobalSection(ExtensibilityGlobals) = postSolution
		SolutionGuid = {FF4FAE66-D657-4674-A52C-D38AFFB0EC15}
	EndGlobalSection
EndGlobal
